
Microsoft Visual Studio Solution File, Format Version 12.00
# Visual Studio Version 16
VisualStudioVersion = 16.0.29920.165
MinimumVisualStudioVersion = 10.0.40219.1
Project("{888888A0-9F3D-457C-B088-3A5042F75D52}") = "pppFaceDetection", "pppFaceDetection.pyproj", "{9CE2D1FA-4381-4C86-9B8F-6148B9276398}"
EndProject
Global
	GlobalSection(SolutionConfigurationPlatforms) = preSolution
		Debug|Any CPU = Debug|Any CPU
		Release|Any CPU = Release|Any CPU
	EndGlobalSection
	GlobalSection(ProjectConfigurationPlatforms) = postSolution
		{9CE2D1FA-4381-4C86-9B8F-6148B9276398}.Debug|Any CPU.ActiveCfg = Debug|Any CPU
		{9CE2D1FA-4381-4C86-9B8F-6148B9276398}.Release|Any CPU.ActiveCfg = Release|Any CPU
	EndGlobalSection
	GlobalSection(SolutionProperties) = preSolution
		HideSolutionNode = FALSE
	EndGlobalSection
	GlobalSection(ExtensibilityGlobals) = postSolution
		SolutionGuid = {DD874519-4C11-4606-A564-F3CE38E6B54B}
	EndGlobalSection
EndGlobal
